{
  "name": "papercraft",
  "version": "1.0.0",
  "lockfileVersion": 3,
  "requires": true,
  "packages": {
    "": {
      "name": "papercraft",
      "version": "1.0.0",
      "dependencies": {
        "dotenv": "^16.3.1",
        "express": "^4.18.2",
        "html-to-docx": "^1.7.0",
        "mammoth": "^1.7.0",
        "multer": "^1.4.5-lts.1",
        "node-fetch": "^2.7.0",
        "pdf-parse": "^1.1.1"
      },
      "devDependencies": {
        "nodemon": "^3.0.2"
      }
    
  }
}
